# This file is automatically @generated by Cargo.
# It is not intended for manual editing.
version = 3

[[package]]
name = "architecture"
version = "0.1.0"
dependencies = [
 "xp_common",
]

[[package]]
name = "assembly"
version = "0.1.0"

[[package]]
name = "emulation"
version = "0.1.0"

[[package]]
name = "translation"
version = "0.1.0"

[[package]]
name = "xp_common"
version = "0.1.0"
